
Microsoft Visual Studio Solution File, Format Version 12.00
# Visual Studio Version 16
VisualStudioVersion = 16.0.29613.14
MinimumVisualStudioVersion = 10.0.40219.1
Project("{9A19103F-16F7-4668-BE54-9A1E7A4F7556}") = "Tutorial-1", "Tutorial-1\Tutorial-1.csproj", "{4AB9327B-6F34-40B5-9F3D-4DD44864F749}"
EndProject
Project("{FAE04EC0-301F-11D3-BF4B-00C04F79EFBC}") = "Tutorial-2", "Tutorial-2\Tutorial-2.csproj", "{43B8A13B-009D-4BDC-BDC3-BD5F4CE3C067}"
EndProject
Global
	GlobalSection(SolutionConfigurationPlatforms) = preSolution
		Debug|Any CPU = Debug|Any CPU
		Release|Any CPU = Release|Any CPU
	EndGlobalSection
	GlobalSection(ProjectConfigurationPlatforms) = postSolution
		{4AB9327B-6F34-40B5-9F3D-4DD44864F749}.Debug|Any CPU.ActiveCfg = Debug|Any CPU
		{4AB9327B-6F34-40B5-9F3D-4DD44864F749}.Debug|Any CPU.Build.0 = Debug|Any CPU
		{4AB9327B-6F34-40B5-9F3D-4DD44864F749}.Release|Any CPU.ActiveCfg = Release|Any CPU
		{4AB9327B-6F34-40B5-9F3D-4DD44864F749}.Release|Any CPU.Build.0 = Release|Any CPU
		{43B8A13B-009D-4BDC-BDC3-BD5F4CE3C067}.Debug|Any CPU.ActiveCfg = Debug|Any CPU
		{43B8A13B-009D-4BDC-BDC3-BD5F4CE3C067}.Debug|Any CPU.Build.0 = Debug|Any CPU
		{43B8A13B-009D-4BDC-BDC3-BD5F4CE3C067}.Release|Any CPU.ActiveCfg = Release|Any CPU
		{43B8A13B-009D-4BDC-BDC3-BD5F4CE3C067}.Release|Any CPU.Build.0 = Release|Any CPU
	EndGlobalSection
	GlobalSection(SolutionProperties) = preSolution
		HideSolutionNode = FALSE
	EndGlobalSection
	GlobalSection(ExtensibilityGlobals) = postSolution
		SolutionGuid = {AC04AC4F-E315-402D-84C7-4192B3240AAE}
	EndGlobalSection
EndGlobal
