
Microsoft Visual Studio Solution File, Format Version 12.00
# Visual Studio Version 16
VisualStudioVersion = 16.0.29613.14
MinimumVisualStudioVersion = 10.0.40219.1
Project("{FAE04EC0-301F-11D3-BF4B-00C04F79EFBC}") = "Practice-3", "Practice-3\Practice-3.csproj", "{8B01E404-2D8D-43A6-AEAD-24E071D1C66D}"
EndProject
Global
	GlobalSection(SolutionConfigurationPlatforms) = preSolution
		Debug|Any CPU = Debug|Any CPU
		Release|Any CPU = Release|Any CPU
	EndGlobalSection
	GlobalSection(ProjectConfigurationPlatforms) = postSolution
		{8B01E404-2D8D-43A6-AEAD-24E071D1C66D}.Debug|Any CPU.ActiveCfg = Debug|Any CPU
		{8B01E404-2D8D-43A6-AEAD-24E071D1C66D}.Debug|Any CPU.Build.0 = Debug|Any CPU
		{8B01E404-2D8D-43A6-AEAD-24E071D1C66D}.Release|Any CPU.ActiveCfg = Release|Any CPU
		{8B01E404-2D8D-43A6-AEAD-24E071D1C66D}.Release|Any CPU.Build.0 = Release|Any CPU
	EndGlobalSection
	GlobalSection(SolutionProperties) = preSolution
		HideSolutionNode = FALSE
	EndGlobalSection
	GlobalSection(ExtensibilityGlobals) = postSolution
		SolutionGuid = {1311F300-794B-4CBA-9FAE-4CFC48F0B70A}
	EndGlobalSection
EndGlobal
