
Microsoft Visual Studio Solution File, Format Version 12.00
# Visual Studio Version 16
VisualStudioVersion = 16.0.29613.14
MinimumVisualStudioVersion = 10.0.40219.1
Project("{FAE04EC0-301F-11D3-BF4B-00C04F79EFBC}") = "Tutorial-1", "Tutorial-1\Tutorial-1.csproj", "{925937CE-B5F6-4415-9872-78E607E23B4E}"
EndProject
Global
	GlobalSection(SolutionConfigurationPlatforms) = preSolution
		Debug|Any CPU = Debug|Any CPU
		Release|Any CPU = Release|Any CPU
	EndGlobalSection
	GlobalSection(ProjectConfigurationPlatforms) = postSolution
		{925937CE-B5F6-4415-9872-78E607E23B4E}.Debug|Any CPU.ActiveCfg = Debug|Any CPU
		{925937CE-B5F6-4415-9872-78E607E23B4E}.Debug|Any CPU.Build.0 = Debug|Any CPU
		{925937CE-B5F6-4415-9872-78E607E23B4E}.Release|Any CPU.ActiveCfg = Release|Any CPU
		{925937CE-B5F6-4415-9872-78E607E23B4E}.Release|Any CPU.Build.0 = Release|Any CPU
	EndGlobalSection
	GlobalSection(SolutionProperties) = preSolution
		HideSolutionNode = FALSE
	EndGlobalSection
	GlobalSection(ExtensibilityGlobals) = postSolution
		SolutionGuid = {7A7CDD89-F5BD-4E2F-AB48-86BE30B5ECEE}
	EndGlobalSection
EndGlobal
