
Microsoft Visual Studio Solution File, Format Version 12.00
# Visual Studio Version 16
VisualStudioVersion = 16.0.29613.14
MinimumVisualStudioVersion = 10.0.40219.1
Project("{FAE04EC0-301F-11D3-BF4B-00C04F79EFBC}") = "Sum_of_two_number_variables", "Sum_of_two_number_variables\Sum_of_two_number_variables.csproj", "{1444FDC6-2E7E-4954-BF26-121670881D3C}"
EndProject
Global
	GlobalSection(SolutionConfigurationPlatforms) = preSolution
		Debug|Any CPU = Debug|Any CPU
		Release|Any CPU = Release|Any CPU
	EndGlobalSection
	GlobalSection(ProjectConfigurationPlatforms) = postSolution
		{1444FDC6-2E7E-4954-BF26-121670881D3C}.Debug|Any CPU.ActiveCfg = Debug|Any CPU
		{1444FDC6-2E7E-4954-BF26-121670881D3C}.Debug|Any CPU.Build.0 = Debug|Any CPU
		{1444FDC6-2E7E-4954-BF26-121670881D3C}.Release|Any CPU.ActiveCfg = Release|Any CPU
		{1444FDC6-2E7E-4954-BF26-121670881D3C}.Release|Any CPU.Build.0 = Release|Any CPU
	EndGlobalSection
	GlobalSection(SolutionProperties) = preSolution
		HideSolutionNode = FALSE
	EndGlobalSection
	GlobalSection(ExtensibilityGlobals) = postSolution
		SolutionGuid = {228A0F47-05AE-468A-89B1-20C0718564A9}
	EndGlobalSection
EndGlobal
