
Microsoft Visual Studio Solution File, Format Version 12.00
# Visual Studio Version 16
VisualStudioVersion = 16.0.29424.173
MinimumVisualStudioVersion = 10.0.40219.1
Project("{FAE04EC0-301F-11D3-BF4B-00C04F79EFBC}") = "Tutorial-2", "Tutorial-2\Tutorial-2.csproj", "{77408811-DA6E-4B05-A745-D7A1202DC307}"
EndProject
Global
	GlobalSection(SolutionConfigurationPlatforms) = preSolution
		Debug|Any CPU = Debug|Any CPU
		Release|Any CPU = Release|Any CPU
	EndGlobalSection
	GlobalSection(ProjectConfigurationPlatforms) = postSolution
		{77408811-DA6E-4B05-A745-D7A1202DC307}.Debug|Any CPU.ActiveCfg = Debug|Any CPU
		{77408811-DA6E-4B05-A745-D7A1202DC307}.Debug|Any CPU.Build.0 = Debug|Any CPU
		{77408811-DA6E-4B05-A745-D7A1202DC307}.Release|Any CPU.ActiveCfg = Release|Any CPU
		{77408811-DA6E-4B05-A745-D7A1202DC307}.Release|Any CPU.Build.0 = Release|Any CPU
	EndGlobalSection
	GlobalSection(SolutionProperties) = preSolution
		HideSolutionNode = FALSE
	EndGlobalSection
	GlobalSection(ExtensibilityGlobals) = postSolution
		SolutionGuid = {C1C4680E-1E27-4D95-8451-3EAEEDBC302D}
	EndGlobalSection
EndGlobal
