
Microsoft Visual Studio Solution File, Format Version 12.00
# Visual Studio Version 16
VisualStudioVersion = 16.0.29424.173
MinimumVisualStudioVersion = 10.0.40219.1
Project("{FAE04EC0-301F-11D3-BF4B-00C04F79EFBC}") = "Tutorial-1", "Tutorial-1\Tutorial-1.csproj", "{6F0E3BEC-95EE-4ABE-A247-22E005CC8F99}"
EndProject
Global
	GlobalSection(SolutionConfigurationPlatforms) = preSolution
		Debug|Any CPU = Debug|Any CPU
		Release|Any CPU = Release|Any CPU
	EndGlobalSection
	GlobalSection(ProjectConfigurationPlatforms) = postSolution
		{6F0E3BEC-95EE-4ABE-A247-22E005CC8F99}.Debug|Any CPU.ActiveCfg = Debug|Any CPU
		{6F0E3BEC-95EE-4ABE-A247-22E005CC8F99}.Debug|Any CPU.Build.0 = Debug|Any CPU
		{6F0E3BEC-95EE-4ABE-A247-22E005CC8F99}.Release|Any CPU.ActiveCfg = Release|Any CPU
		{6F0E3BEC-95EE-4ABE-A247-22E005CC8F99}.Release|Any CPU.Build.0 = Release|Any CPU
	EndGlobalSection
	GlobalSection(SolutionProperties) = preSolution
		HideSolutionNode = FALSE
	EndGlobalSection
	GlobalSection(ExtensibilityGlobals) = postSolution
		SolutionGuid = {393199F8-0D40-4F3F-BEA4-BD3C55C81948}
	EndGlobalSection
EndGlobal
