
Microsoft Visual Studio Solution File, Format Version 12.00
# Visual Studio Version 16
VisualStudioVersion = 16.0.29613.14
MinimumVisualStudioVersion = 10.0.40219.1
Project("{FAE04EC0-301F-11D3-BF4B-00C04F79EFBC}") = "Practice-2", "Practice-2\Practice-2.csproj", "{029FD7E8-CDC2-470C-8688-A7CAD0357255}"
EndProject
Global
	GlobalSection(SolutionConfigurationPlatforms) = preSolution
		Debug|Any CPU = Debug|Any CPU
		Release|Any CPU = Release|Any CPU
	EndGlobalSection
	GlobalSection(ProjectConfigurationPlatforms) = postSolution
		{029FD7E8-CDC2-470C-8688-A7CAD0357255}.Debug|Any CPU.ActiveCfg = Debug|Any CPU
		{029FD7E8-CDC2-470C-8688-A7CAD0357255}.Debug|Any CPU.Build.0 = Debug|Any CPU
		{029FD7E8-CDC2-470C-8688-A7CAD0357255}.Release|Any CPU.ActiveCfg = Release|Any CPU
		{029FD7E8-CDC2-470C-8688-A7CAD0357255}.Release|Any CPU.Build.0 = Release|Any CPU
	EndGlobalSection
	GlobalSection(SolutionProperties) = preSolution
		HideSolutionNode = FALSE
	EndGlobalSection
	GlobalSection(ExtensibilityGlobals) = postSolution
		SolutionGuid = {0A2B5A75-E16B-4626-A87E-2C030B9233E6}
	EndGlobalSection
EndGlobal
