
Microsoft Visual Studio Solution File, Format Version 12.00
# Visual Studio Version 16
VisualStudioVersion = 16.0.29613.14
MinimumVisualStudioVersion = 10.0.40219.1
Project("{FAE04EC0-301F-11D3-BF4B-00C04F79EFBC}") = "MonthWithNumber", "MonthWithNumber\MonthWithNumber.csproj", "{2F015CEA-C097-4C2F-AE66-DD45B13F415C}"
EndProject
Global
	GlobalSection(SolutionConfigurationPlatforms) = preSolution
		Debug|Any CPU = Debug|Any CPU
		Release|Any CPU = Release|Any CPU
	EndGlobalSection
	GlobalSection(ProjectConfigurationPlatforms) = postSolution
		{2F015CEA-C097-4C2F-AE66-DD45B13F415C}.Debug|Any CPU.ActiveCfg = Debug|Any CPU
		{2F015CEA-C097-4C2F-AE66-DD45B13F415C}.Debug|Any CPU.Build.0 = Debug|Any CPU
		{2F015CEA-C097-4C2F-AE66-DD45B13F415C}.Release|Any CPU.ActiveCfg = Release|Any CPU
		{2F015CEA-C097-4C2F-AE66-DD45B13F415C}.Release|Any CPU.Build.0 = Release|Any CPU
	EndGlobalSection
	GlobalSection(SolutionProperties) = preSolution
		HideSolutionNode = FALSE
	EndGlobalSection
	GlobalSection(ExtensibilityGlobals) = postSolution
		SolutionGuid = {8CC5B89A-CA2D-4919-A3E5-7631F872EF97}
	EndGlobalSection
EndGlobal
