
Microsoft Visual Studio Solution File, Format Version 12.00
# Visual Studio Version 16
VisualStudioVersion = 16.0.29613.14
MinimumVisualStudioVersion = 10.0.40219.1
Project("{FAE04EC0-301F-11D3-BF4B-00C04F79EFBC}") = "Millionare", "Project-1\Millionare.csproj", "{6C487807-7AC3-462B-A66B-3A9FC37303A2}"
EndProject
Project("{FAE04EC0-301F-11D3-BF4B-00C04F79EFBC}") = "Management", "Management\Management.csproj", "{83D8EB0D-F29B-4A6D-B1FB-3F8692C6189C}"
EndProject
Global
	GlobalSection(SolutionConfigurationPlatforms) = preSolution
		Debug|Any CPU = Debug|Any CPU
		Release|Any CPU = Release|Any CPU
	EndGlobalSection
	GlobalSection(ProjectConfigurationPlatforms) = postSolution
		{6C487807-7AC3-462B-A66B-3A9FC37303A2}.Debug|Any CPU.ActiveCfg = Debug|Any CPU
		{6C487807-7AC3-462B-A66B-3A9FC37303A2}.Debug|Any CPU.Build.0 = Debug|Any CPU
		{6C487807-7AC3-462B-A66B-3A9FC37303A2}.Release|Any CPU.ActiveCfg = Release|Any CPU
		{6C487807-7AC3-462B-A66B-3A9FC37303A2}.Release|Any CPU.Build.0 = Release|Any CPU
		{83D8EB0D-F29B-4A6D-B1FB-3F8692C6189C}.Debug|Any CPU.ActiveCfg = Debug|Any CPU
		{83D8EB0D-F29B-4A6D-B1FB-3F8692C6189C}.Debug|Any CPU.Build.0 = Debug|Any CPU
		{83D8EB0D-F29B-4A6D-B1FB-3F8692C6189C}.Release|Any CPU.ActiveCfg = Release|Any CPU
		{83D8EB0D-F29B-4A6D-B1FB-3F8692C6189C}.Release|Any CPU.Build.0 = Release|Any CPU
	EndGlobalSection
	GlobalSection(SolutionProperties) = preSolution
		HideSolutionNode = FALSE
	EndGlobalSection
	GlobalSection(ExtensibilityGlobals) = postSolution
		SolutionGuid = {3CEB82E6-13E2-4BD0-906D-C711E42CE7B9}
	EndGlobalSection
EndGlobal
