
Microsoft Visual Studio Solution File, Format Version 12.00
# Visual Studio Version 16
VisualStudioVersion = 16.0.29709.97
MinimumVisualStudioVersion = 10.0.40219.1
Project("{9A19103F-16F7-4668-BE54-9A1E7A4F7556}") = "Practice-1", "Practice-1\Practice-1.csproj", "{C760F917-9639-4910-900B-404CD706D2A4}"
EndProject
Project("{FAE04EC0-301F-11D3-BF4B-00C04F79EFBC}") = "Practice-2", "Practice-2\Practice-2.csproj", "{6C9AC308-C9D1-449E-A329-B90F08E3A1FE}"
EndProject
Global
	GlobalSection(SolutionConfigurationPlatforms) = preSolution
		Debug|Any CPU = Debug|Any CPU
		Release|Any CPU = Release|Any CPU
	EndGlobalSection
	GlobalSection(ProjectConfigurationPlatforms) = postSolution
		{C760F917-9639-4910-900B-404CD706D2A4}.Debug|Any CPU.ActiveCfg = Debug|Any CPU
		{C760F917-9639-4910-900B-404CD706D2A4}.Debug|Any CPU.Build.0 = Debug|Any CPU
		{C760F917-9639-4910-900B-404CD706D2A4}.Release|Any CPU.ActiveCfg = Release|Any CPU
		{C760F917-9639-4910-900B-404CD706D2A4}.Release|Any CPU.Build.0 = Release|Any CPU
		{6C9AC308-C9D1-449E-A329-B90F08E3A1FE}.Debug|Any CPU.ActiveCfg = Debug|Any CPU
		{6C9AC308-C9D1-449E-A329-B90F08E3A1FE}.Debug|Any CPU.Build.0 = Debug|Any CPU
		{6C9AC308-C9D1-449E-A329-B90F08E3A1FE}.Release|Any CPU.ActiveCfg = Release|Any CPU
		{6C9AC308-C9D1-449E-A329-B90F08E3A1FE}.Release|Any CPU.Build.0 = Release|Any CPU
	EndGlobalSection
	GlobalSection(SolutionProperties) = preSolution
		HideSolutionNode = FALSE
	EndGlobalSection
	GlobalSection(ExtensibilityGlobals) = postSolution
		SolutionGuid = {666DFB80-9575-4360-8801-12C524D825A6}
	EndGlobalSection
EndGlobal
