
Microsoft Visual Studio Solution File, Format Version 12.00
# Visual Studio Version 16
VisualStudioVersion = 16.0.29613.14
MinimumVisualStudioVersion = 10.0.40219.1
Project("{9A19103F-16F7-4668-BE54-9A1E7A4F7556}") = "Practice-1", "Practice-1\Practice-1.csproj", "{7C017E81-17B2-4FC5-81D9-2FD58E878759}"
EndProject
Project("{FAE04EC0-301F-11D3-BF4B-00C04F79EFBC}") = "Practice-2", "Practice-2\Practice-2.csproj", "{656899CD-8E0B-4879-840A-2DD5EC7EFF79}"
EndProject
Project("{FAE04EC0-301F-11D3-BF4B-00C04F79EFBC}") = "Practice-3", "Practice-3\Practice-3.csproj", "{265A4481-D143-4AF0-B332-E31CB5EFFD59}"
EndProject
Global
	GlobalSection(SolutionConfigurationPlatforms) = preSolution
		Debug|Any CPU = Debug|Any CPU
		Release|Any CPU = Release|Any CPU
	EndGlobalSection
	GlobalSection(ProjectConfigurationPlatforms) = postSolution
		{7C017E81-17B2-4FC5-81D9-2FD58E878759}.Debug|Any CPU.ActiveCfg = Debug|Any CPU
		{7C017E81-17B2-4FC5-81D9-2FD58E878759}.Debug|Any CPU.Build.0 = Debug|Any CPU
		{7C017E81-17B2-4FC5-81D9-2FD58E878759}.Release|Any CPU.ActiveCfg = Release|Any CPU
		{7C017E81-17B2-4FC5-81D9-2FD58E878759}.Release|Any CPU.Build.0 = Release|Any CPU
		{656899CD-8E0B-4879-840A-2DD5EC7EFF79}.Debug|Any CPU.ActiveCfg = Debug|Any CPU
		{656899CD-8E0B-4879-840A-2DD5EC7EFF79}.Debug|Any CPU.Build.0 = Debug|Any CPU
		{656899CD-8E0B-4879-840A-2DD5EC7EFF79}.Release|Any CPU.ActiveCfg = Release|Any CPU
		{656899CD-8E0B-4879-840A-2DD5EC7EFF79}.Release|Any CPU.Build.0 = Release|Any CPU
		{265A4481-D143-4AF0-B332-E31CB5EFFD59}.Debug|Any CPU.ActiveCfg = Debug|Any CPU
		{265A4481-D143-4AF0-B332-E31CB5EFFD59}.Debug|Any CPU.Build.0 = Debug|Any CPU
		{265A4481-D143-4AF0-B332-E31CB5EFFD59}.Release|Any CPU.ActiveCfg = Release|Any CPU
		{265A4481-D143-4AF0-B332-E31CB5EFFD59}.Release|Any CPU.Build.0 = Release|Any CPU
	EndGlobalSection
	GlobalSection(SolutionProperties) = preSolution
		HideSolutionNode = FALSE
	EndGlobalSection
	GlobalSection(ExtensibilityGlobals) = postSolution
		SolutionGuid = {D0EBEBDB-2D41-47E9-A8A7-E743A7C0854F}
	EndGlobalSection
EndGlobal
