
Microsoft Visual Studio Solution File, Format Version 12.00
# Visual Studio Version 16
VisualStudioVersion = 16.0.29613.14
MinimumVisualStudioVersion = 10.0.40219.1
Project("{FAE04EC0-301F-11D3-BF4B-00C04F79EFBC}") = "Practice-4", "Practice-4\Practice-4.csproj", "{2086CCE2-8D40-4130-8A1E-C5AC0C21A921}"
EndProject
Global
	GlobalSection(SolutionConfigurationPlatforms) = preSolution
		Debug|Any CPU = Debug|Any CPU
		Release|Any CPU = Release|Any CPU
	EndGlobalSection
	GlobalSection(ProjectConfigurationPlatforms) = postSolution
		{2086CCE2-8D40-4130-8A1E-C5AC0C21A921}.Debug|Any CPU.ActiveCfg = Debug|Any CPU
		{2086CCE2-8D40-4130-8A1E-C5AC0C21A921}.Debug|Any CPU.Build.0 = Debug|Any CPU
		{2086CCE2-8D40-4130-8A1E-C5AC0C21A921}.Release|Any CPU.ActiveCfg = Release|Any CPU
		{2086CCE2-8D40-4130-8A1E-C5AC0C21A921}.Release|Any CPU.Build.0 = Release|Any CPU
	EndGlobalSection
	GlobalSection(SolutionProperties) = preSolution
		HideSolutionNode = FALSE
	EndGlobalSection
	GlobalSection(ExtensibilityGlobals) = postSolution
		SolutionGuid = {D0B49A19-C6FC-4E23-BCF6-F2F76D8AAA14}
	EndGlobalSection
EndGlobal
