
Microsoft Visual Studio Solution File, Format Version 12.00
# Visual Studio Version 16
VisualStudioVersion = 16.0.29613.14
MinimumVisualStudioVersion = 10.0.40219.1
Project("{FAE04EC0-301F-11D3-BF4B-00C04F79EFBC}") = "Practice-3", "Practice-3\Practice-3.csproj", "{283C82D4-E06A-44D8-AC1F-060D0C180CBF}"
EndProject
Global
	GlobalSection(SolutionConfigurationPlatforms) = preSolution
		Debug|Any CPU = Debug|Any CPU
		Release|Any CPU = Release|Any CPU
	EndGlobalSection
	GlobalSection(ProjectConfigurationPlatforms) = postSolution
		{283C82D4-E06A-44D8-AC1F-060D0C180CBF}.Debug|Any CPU.ActiveCfg = Debug|Any CPU
		{283C82D4-E06A-44D8-AC1F-060D0C180CBF}.Debug|Any CPU.Build.0 = Debug|Any CPU
		{283C82D4-E06A-44D8-AC1F-060D0C180CBF}.Release|Any CPU.ActiveCfg = Release|Any CPU
		{283C82D4-E06A-44D8-AC1F-060D0C180CBF}.Release|Any CPU.Build.0 = Release|Any CPU
	EndGlobalSection
	GlobalSection(SolutionProperties) = preSolution
		HideSolutionNode = FALSE
	EndGlobalSection
	GlobalSection(ExtensibilityGlobals) = postSolution
		SolutionGuid = {139FE948-296A-4330-BCF0-1F51133F4E85}
	EndGlobalSection
EndGlobal
